// !$*UTF8*$!
{
	archiveVersion = 1;
	classes = {
	};
	objectVersion = 46;
	objects = {

/* Begin PBXBuildFile section */
		014046E81F70F095004ADA30 /* SurveyTests.swift in Sources */ = {isa = PBXBuildFile; fileRef = 014046E71F70F095004ADA30 /* SurveyTests.swift */; };
		014046EB1F70F0C5004ADA30 /* Survey.swift in Sources */ = {isa = PBXBuildFile; fileRef = 014046EA1F70F0C5004ADA30 /* Survey.swift */; };
		014046EF1F710F5A004ADA30 /* ImageFetchManager.swift in Sources */ = {isa = PBXBuildFile; fileRef = 014046EE1F710F5A004ADA30 /* ImageFetchManager.swift */; };
		0140CA681F6FD513007540A7 /* ServiceManager.swift in Sources */ = {isa = PBXBuildFile; fileRef = 0140CA671F6FD513007540A7 /* ServiceManager.swift */; };
		0140CA6A1F6FD701007540A7 /* ServiceManagerTests.swift in Sources */ = {isa = PBXBuildFile; fileRef = 0140CA691F6FD701007540A7 /* ServiceManagerTests.swift */; };
		0140CA6E1F6FDF43007540A7 /* Response.swift in Sources */ = {isa = PBXBuildFile; fileRef = 0140CA6D1F6FDF43007540A7 /* Response.swift */; };
		01A0FA4E1F704E0000B3187C /* DeviceVariable.swift in Sources */ = {isa = PBXBuildFile; fileRef = 01A0FA4D1F704E0000B3187C /* DeviceVariable.swift */; };
		01A936371F7113C600D226C7 /* ImageFetchManagerTests.swift in Sources */ = {isa = PBXBuildFile; fileRef = 01A936361F7113C600D226C7 /* ImageFetchManagerTests.swift */; };
		01A936391F7127E200D226C7 /* DetailVC.swift in Sources */ = {isa = PBXBuildFile; fileRef = 01A936381F7127E200D226C7 /* DetailVC.swift */; };
		01D67F851F6F585700A1A055 /* AppDelegate.swift in Sources */ = {isa = PBXBuildFile; fileRef = 01D67F841F6F585700A1A055 /* AppDelegate.swift */; };
		01D67F8A1F6F585700A1A055 /* Main.storyboard in Resources */ = {isa = PBXBuildFile; fileRef = 01D67F881F6F585700A1A055 /* Main.storyboard */; };
		01D67F8C1F6F585700A1A055 /* Assets.xcassets in Resources */ = {isa = PBXBuildFile; fileRef = 01D67F8B1F6F585700A1A055 /* Assets.xcassets */; };
		01D67F8F1F6F585700A1A055 /* LaunchScreen.storyboard in Resources */ = {isa = PBXBuildFile; fileRef = 01D67F8D1F6F585700A1A055 /* LaunchScreen.storyboard */; };
		01D67FA51F6F585700A1A055 /* SURVEYSUITests.swift in Sources */ = {isa = PBXBuildFile; fileRef = 01D67FA41F6F585700A1A055 /* SURVEYSUITests.swift */; };
		01D67FB41F6F6F0600A1A055 /* MainVC.swift in Sources */ = {isa = PBXBuildFile; fileRef = 01D67FB31F6F6F0600A1A055 /* MainVC.swift */; };
		01D67FBD1F6F7C3000A1A055 /* Constants.swift in Sources */ = {isa = PBXBuildFile; fileRef = 01D67FBC1F6F7C3000A1A055 /* Constants.swift */; };
		01D67FBF1F6F7D3200A1A055 /* CardCell.swift in Sources */ = {isa = PBXBuildFile; fileRef = 01D67FBE1F6F7D3200A1A055 /* CardCell.swift */; };
		01D67FC11F6F7D3E00A1A055 /* PagerCell.swift in Sources */ = {isa = PBXBuildFile; fileRef = 01D67FC01F6F7D3E00A1A055 /* PagerCell.swift */; };
		01D67FC51F6F8CAB00A1A055 /* RoundedButton.swift in Sources */ = {isa = PBXBuildFile; fileRef = 01D67FC41F6F8CAB00A1A055 /* RoundedButton.swift */; };
		01D67FC81F6F9BEF00A1A055 /* CardLayout.swift in Sources */ = {isa = PBXBuildFile; fileRef = 01D67FC71F6F9BEF00A1A055 /* CardLayout.swift */; };
		0B99E290E422D136D3003989 /* Pods_SURVEYS.framework in Frameworks */ = {isa = PBXBuildFile; fileRef = 84867320AD667CB2CE6D4AFE /* Pods_SURVEYS.framework */; };
		3427706F7BAA509E8C9ACCDB /* Pods_SURVEYSUITests.framework in Frameworks */ = {isa = PBXBuildFile; fileRef = 995362B28ACC30162E929A8A /* Pods_SURVEYSUITests.framework */; };
		67E53B18649287E81BB92328 /* Pods_SURVEYSTests.framework in Frameworks */ = {isa = PBXBuildFile; fileRef = FAF4E7A133845EB10B85B6C3 /* Pods_SURVEYSTests.framework */; };
/* End PBXBuildFile section */

/* Begin PBXContainerItemProxy section */
		01D67F961F6F585700A1A055 /* PBXContainerItemProxy */ = {
			isa = PBXContainerItemProxy;
			containerPortal = 01D67F791F6F585700A1A055 /* Project object */;
			proxyType = 1;
			remoteGlobalIDString = 01D67F801F6F585700A1A055;
			remoteInfo = SURVEYS;
		};
		01D67FA11F6F585700A1A055 /* PBXContainerItemProxy */ = {
			isa = PBXContainerItemProxy;
			containerPortal = 01D67F791F6F585700A1A055 /* Project object */;
			proxyType = 1;
			remoteGlobalIDString = 01D67F801F6F585700A1A055;
			remoteInfo = SURVEYS;
		};
/* End PBXContainerItemProxy section */

/* Begin PBXFileReference section */
		014046E71F70F095004ADA30 /* SurveyTests.swift */ = {isa = PBXFileReference; fileEncoding = 4; lastKnownFileType = sourcecode.swift; path = SurveyTests.swift; sourceTree = "<group>"; };
		014046EA1F70F0C5004ADA30 /* Survey.swift */ = {isa = PBXFileReference; fileEncoding = 4; lastKnownFileType = sourcecode.swift; path = Survey.swift; sourceTree = "<group>"; };
		014046EE1F710F5A004ADA30 /* ImageFetchManager.swift */ = {isa = PBXFileReference; fileEncoding = 4; lastKnownFileType = sourcecode.swift; path = ImageFetchManager.swift; sourceTree = "<group>"; };
		0140CA671F6FD513007540A7 /* ServiceManager.swift */ = {isa = PBXFileReference; fileEncoding = 4; lastKnownFileType = sourcecode.swift; path = ServiceManager.swift; sourceTree = "<group>"; };
		0140CA691F6FD701007540A7 /* ServiceManagerTests.swift */ = {isa = PBXFileReference; fileEncoding = 4; lastKnownFileType = sourcecode.swift; path = ServiceManagerTests.swift; sourceTree = "<group>"; };
		0140CA6D1F6FDF43007540A7 /* Response.swift */ = {isa = PBXFileReference; fileEncoding = 4; lastKnownFileType = sourcecode.swift; path = Response.swift; sourceTree = "<group>"; };
		01A0FA4D1F704E0000B3187C /* DeviceVariable.swift */ = {isa = PBXFileReference; fileEncoding = 4; lastKnownFileType = sourcecode.swift; name = DeviceVariable.swift; path = SURVEYS/DeviceVariable.swift; sourceTree = "<group>"; };
		01A936361F7113C600D226C7 /* ImageFetchManagerTests.swift */ = {isa = PBXFileReference; fileEncoding = 4; lastKnownFileType = sourcecode.swift; path = ImageFetchManagerTests.swift; sourceTree = "<group>"; };
		01A936381F7127E200D226C7 /* DetailVC.swift */ = {isa = PBXFileReference; fileEncoding = 4; lastKnownFileType = sourcecode.swift; path = DetailVC.swift; sourceTree = "<group>"; };
		01D67F811F6F585700A1A055 /* SURVEYS.app */ = {isa = PBXFileReference; explicitFileType = wrapper.application; includeInIndex = 0; path = SURVEYS.app; sourceTree = BUILT_PRODUCTS_DIR; };
		01D67F841F6F585700A1A055 /* AppDelegate.swift */ = {isa = PBXFileReference; lastKnownFileType = sourcecode.swift; path = AppDelegate.swift; sourceTree = "<group>"; };
		01D67F891F6F585700A1A055 /* Base */ = {isa = PBXFileReference; lastKnownFileType = file.storyboard; name = Base; path = Base.lproj/Main.storyboard; sourceTree = "<group>"; };
		01D67F8B1F6F585700A1A055 /* Assets.xcassets */ = {isa = PBXFileReference; lastKnownFileType = folder.assetcatalog; path = Assets.xcassets; sourceTree = "<group>"; };
		01D67F8E1F6F585700A1A055 /* Base */ = {isa = PBXFileReference; lastKnownFileType = file.storyboard; name = Base; path = Base.lproj/LaunchScreen.storyboard; sourceTree = "<group>"; };
		01D67F901F6F585700A1A055 /* Info.plist */ = {isa = PBXFileReference; lastKnownFileType = text.plist.xml; path = Info.plist; sourceTree = "<group>"; };
		01D67F951F6F585700A1A055 /* SURVEYSTests.xctest */ = {isa = PBXFileReference; explicitFileType = wrapper.cfbundle; includeInIndex = 0; path = SURVEYSTests.xctest; sourceTree = BUILT_PRODUCTS_DIR; };
		01D67F9B1F6F585700A1A055 /* Info.plist */ = {isa = PBXFileReference; lastKnownFileType = text.plist.xml; path = Info.plist; sourceTree = "<group>"; };
		01D67FA01F6F585700A1A055 /* SURVEYSUITests.xctest */ = {isa = PBXFileReference; explicitFileType = wrapper.cfbundle; includeInIndex = 0; path = SURVEYSUITests.xctest; sourceTree = BUILT_PRODUCTS_DIR; };
		01D67FA41F6F585700A1A055 /* SURVEYSUITests.swift */ = {isa = PBXFileReference; lastKnownFileType = sourcecode.swift; path = SURVEYSUITests.swift; sourceTree = "<group>"; };
		01D67FA61F6F585700A1A055 /* Info.plist */ = {isa = PBXFileReference; lastKnownFileType = text.plist.xml; path = Info.plist; sourceTree = "<group>"; };
		01D67FB31F6F6F0600A1A055 /* MainVC.swift */ = {isa = PBXFileReference; fileEncoding = 4; lastKnownFileType = sourcecode.swift; path = MainVC.swift; sourceTree = "<group>"; };
		01D67FBC1F6F7C3000A1A055 /* Constants.swift */ = {isa = PBXFileReference; fileEncoding = 4; lastKnownFileType = sourcecode.swift; path = Constants.swift; sourceTree = "<group>"; };
		01D67FBE1F6F7D3200A1A055 /* CardCell.swift */ = {isa = PBXFileReference; fileEncoding = 4; lastKnownFileType = sourcecode.swift; path = CardCell.swift; sourceTree = "<group>"; };
		01D67FC01F6F7D3E00A1A055 /* PagerCell.swift */ = {isa = PBXFileReference; fileEncoding = 4; lastKnownFileType = sourcecode.swift; path = PagerCell.swift; sourceTree = "<group>"; };
		01D67FC41F6F8CAB00A1A055 /* RoundedButton.swift */ = {isa = PBXFileReference; fileEncoding = 4; lastKnownFileType = sourcecode.swift; path = RoundedButton.swift; sourceTree = "<group>"; };
		01D67FC71F6F9BEF00A1A055 /* CardLayout.swift */ = {isa = PBXFileReference; fileEncoding = 4; lastKnownFileType = sourcecode.swift; path = CardLayout.swift; sourceTree = "<group>"; };
		0B89A6600C196E8ED8B6E3B3 /* Pods-SURVEYS.debug.xcconfig */ = {isa = PBXFileReference; includeInIndex = 1; lastKnownFileType = text.xcconfig; name = "Pods-SURVEYS.debug.xcconfig"; path = "Pods/Target Support Files/Pods-SURVEYS/Pods-SURVEYS.debug.xcconfig"; sourceTree = "<group>"; };
		206B09C2118830E469AB39AC /* Pods-SURVEYSUITests.debug.xcconfig */ = {isa = PBXFileReference; includeInIndex = 1; lastKnownFileType = text.xcconfig; name = "Pods-SURVEYSUITests.debug.xcconfig"; path = "Pods/Target Support Files/Pods-SURVEYSUITests/Pods-SURVEYSUITests.debug.xcconfig"; sourceTree = "<group>"; };
		6D73E53CBB2BBD8F8660EBF8 /* Pods-SURVEYSTests.release.xcconfig */ = {isa = PBXFileReference; includeInIndex = 1; lastKnownFileType = text.xcconfig; name = "Pods-SURVEYSTests.release.xcconfig"; path = "Pods/Target Support Files/Pods-SURVEYSTests/Pods-SURVEYSTests.release.xcconfig"; sourceTree = "<group>"; };
		84867320AD667CB2CE6D4AFE /* Pods_SURVEYS.framework */ = {isa = PBXFileReference; explicitFileType = wrapper.framework; includeInIndex = 0; path = Pods_SURVEYS.framework; sourceTree = BUILT_PRODUCTS_DIR; };
		995362B28ACC30162E929A8A /* Pods_SURVEYSUITests.framework */ = {isa = PBXFileReference; explicitFileType = wrapper.framework; includeInIndex = 0; path = Pods_SURVEYSUITests.framework; sourceTree = BUILT_PRODUCTS_DIR; };
		C0E2617FC144D3E1A0B61A2D /* Pods-SURVEYSTests.debug.xcconfig */ = {isa = PBXFileReference; includeInIndex = 1; lastKnownFileType = text.xcconfig; name = "Pods-SURVEYSTests.debug.xcconfig"; path = "Pods/Target Support Files/Pods-SURVEYSTests/Pods-SURVEYSTests.debug.xcconfig"; sourceTree = "<group>"; };
		D30C285389B97BB34D1AA7F3 /* Pods-SURVEYS.release.xcconfig */ = {isa = PBXFileReference; includeInIndex = 1; lastKnownFileType = text.xcconfig; name = "Pods-SURVEYS.release.xcconfig"; path = "Pods/Target Support Files/Pods-SURVEYS/Pods-SURVEYS.release.xcconfig"; sourceTree = "<group>"; };
		DE67EB64B62DBE9749DE1B98 /* Pods-SURVEYSUITests.release.xcconfig */ = {isa = PBXFileReference; includeInIndex = 1; lastKnownFileType = text.xcconfig; name = "Pods-SURVEYSUITests.release.xcconfig"; path = "Pods/Target Support Files/Pods-SURVEYSUITests/Pods-SURVEYSUITests.release.xcconfig"; sourceTree = "<group>"; };
		FAF4E7A133845EB10B85B6C3 /* Pods_SURVEYSTests.framework */ = {isa = PBXFileReference; explicitFileType = wrapper.framework; includeInIndex = 0; path = Pods_SURVEYSTests.framework; sourceTree = BUILT_PRODUCTS_DIR; };
/* End PBXFileReference section */

/* Begin PBXFrameworksBuildPhase section */
		01D67F7E1F6F585700A1A055 /* Frameworks */ = {
			isa = PBXFrameworksBuildPhase;
			buildActionMask = 2147483647;
			files = (
				0B99E290E422D136D3003989 /* Pods_SURVEYS.framework in Frameworks */,
			);
			runOnlyForDeploymentPostprocessing = 0;
		};
		01D67F921F6F585700A1A055 /* Frameworks */ = {
			isa = PBXFrameworksBuildPhase;
			buildActionMask = 2147483647;
			files = (
				67E53B18649287E81BB92328 /* Pods_SURVEYSTests.framework in Frameworks */,
			);
			runOnlyForDeploymentPostprocessing = 0;
		};
		01D67F9D1F6F585700A1A055 /* Frameworks */ = {
			isa = PBXFrameworksBuildPhase;
			buildActionMask = 2147483647;
			files = (
				3427706F7BAA509E8C9ACCDB /* Pods_SURVEYSUITests.framework in Frameworks */,
			);
			runOnlyForDeploymentPostprocessing = 0;
		};
/* End PBXFrameworksBuildPhase section */

/* Begin PBXGroup section */
		014046E91F70F09A004ADA30 /* Model */ = {
			isa = PBXGroup;
			children = (
				014046E71F70F095004ADA30 /* SurveyTests.swift */,
			);
			name = Model;
			sourceTree = "<group>";
		};
		0140CA631F6F9D7F007540A7 /* Variables */ = {
			isa = PBXGroup;
			children = (
				01A0FA4D1F704E0000B3187C /* DeviceVariable.swift */,
			);
			name = Variables;
			path = ..;
			sourceTree = "<group>";
		};
		0140CA6B1F6FD70C007540A7 /* Utils */ = {
			isa = PBXGroup;
			children = (
				0140CA691F6FD701007540A7 /* ServiceManagerTests.swift */,
				01A936361F7113C600D226C7 /* ImageFetchManagerTests.swift */,
			);
			name = Utils;
			sourceTree = "<group>";
		};
		0140CA6F1F6FDF51007540A7 /* Enum */ = {
			isa = PBXGroup;
			children = (
				0140CA6D1F6FDF43007540A7 /* Response.swift */,
			);
			name = Enum;
			sourceTree = "<group>";
		};
		01D67F781F6F585700A1A055 = {
			isa = PBXGroup;
			children = (
				01D67F831F6F585700A1A055 /* SURVEYS */,
				01D67F981F6F585700A1A055 /* SURVEYSTests */,
				01D67FA31F6F585700A1A055 /* SURVEYSUITests */,
				01D67F821F6F585700A1A055 /* Products */,
				2BB7541C5A9B148F9714DDFD /* Pods */,
				12389642A72428EDACC53D93 /* Frameworks */,
			);
			sourceTree = "<group>";
		};
		01D67F821F6F585700A1A055 /* Products */ = {
			isa = PBXGroup;
			children = (
				01D67F811F6F585700A1A055 /* SURVEYS.app */,
				01D67F951F6F585700A1A055 /* SURVEYSTests.xctest */,
				01D67FA01F6F585700A1A055 /* SURVEYSUITests.xctest */,
			);
			name = Products;
			sourceTree = "<group>";
		};
		01D67F831F6F585700A1A055 /* SURVEYS */ = {
			isa = PBXGroup;
			children = (
				01D67F841F6F585700A1A055 /* AppDelegate.swift */,
				01D67FB91F6F710B00A1A055 /* Model */,
				01D67FB81F6F710400A1A055 /* View */,
				01D67FB51F6F70BD00A1A055 /* Controller */,
				01D67FB61F6F70D600A1A055 /* Storyboard */,
				01D67FBA1F6F712500A1A055 /* Utils */,
				01D67FB71F6F70E500A1A055 /* Resources */,
				01D67FBB1F6F7BF100A1A055 /* Constants */,
				0140CA631F6F9D7F007540A7 /* Variables */,
				0140CA6F1F6FDF51007540A7 /* Enum */,
			);
			path = SURVEYS;
			sourceTree = "<group>";
		};
		01D67F981F6F585700A1A055 /* SURVEYSTests */ = {
			isa = PBXGroup;
			children = (
				014046E91F70F09A004ADA30 /* Model */,
				0140CA6B1F6FD70C007540A7 /* Utils */,
				01D67F9B1F6F585700A1A055 /* Info.plist */,
			);
			path = SURVEYSTests;
			sourceTree = "<group>";
		};
		01D67FA31F6F585700A1A055 /* SURVEYSUITests */ = {
			isa = PBXGroup;
			children = (
				01D67FA41F6F585700A1A055 /* SURVEYSUITests.swift */,
				01D67FA61F6F585700A1A055 /* Info.plist */,
			);
			path = SURVEYSUITests;
			sourceTree = "<group>";
		};
		01D67FB51F6F70BD00A1A055 /* Controller */ = {
			isa = PBXGroup;
			children = (
				01D67FB31F6F6F0600A1A055 /* MainVC.swift */,
				01A936381F7127E200D226C7 /* DetailVC.swift */,
			);
			name = Controller;
			sourceTree = "<group>";
		};
		01D67FB61F6F70D600A1A055 /* Storyboard */ = {
			isa = PBXGroup;
			children = (
				01D67F881F6F585700A1A055 /* Main.storyboard */,
				01D67F8D1F6F585700A1A055 /* LaunchScreen.storyboard */,
			);
			name = Storyboard;
			sourceTree = "<group>";
		};
		01D67FB71F6F70E500A1A055 /* Resources */ = {
			isa = PBXGroup;
			children = (
				01D67F8B1F6F585700A1A055 /* Assets.xcassets */,
				01D67F901F6F585700A1A055 /* Info.plist */,
			);
			name = Resources;
			sourceTree = "<group>";
		};
		01D67FB81F6F710400A1A055 /* View */ = {
			isa = PBXGroup;
			children = (
				01D67FC61F6F9B7F00A1A055 /* Layout */,
				01D67FC41F6F8CAB00A1A055 /* RoundedButton.swift */,
				01D67FBE1F6F7D3200A1A055 /* CardCell.swift */,
				01D67FC01F6F7D3E00A1A055 /* PagerCell.swift */,
			);
			name = View;
			sourceTree = "<group>";
		};
		01D67FB91F6F710B00A1A055 /* Model */ = {
			isa = PBXGroup;
			children = (
				014046EA1F70F0C5004ADA30 /* Survey.swift */,
			);
			name = Model;
			sourceTree = "<group>";
		};
		01D67FBA1F6F712500A1A055 /* Utils */ = {
			isa = PBXGroup;
			children = (
				0140CA671F6FD513007540A7 /* ServiceManager.swift */,
				014046EE1F710F5A004ADA30 /* ImageFetchManager.swift */,
			);
			name = Utils;
			sourceTree = "<group>";
		};
		01D67FBB1F6F7BF100A1A055 /* Constants */ = {
			isa = PBXGroup;
			children = (
				01D67FBC1F6F7C3000A1A055 /* Constants.swift */,
			);
			name = Constants;
			sourceTree = "<group>";
		};
		01D67FC61F6F9B7F00A1A055 /* Layout */ = {
			isa = PBXGroup;
			children = (
				01D67FC71F6F9BEF00A1A055 /* CardLayout.swift */,
			);
			name = Layout;
			sourceTree = "<group>";
		};
		12389642A72428EDACC53D93 /* Frameworks */ = {
			isa = PBXGroup;
			children = (
				84867320AD667CB2CE6D4AFE /* Pods_SURVEYS.framework */,
				FAF4E7A133845EB10B85B6C3 /* Pods_SURVEYSTests.framework */,
				995362B28ACC30162E929A8A /* Pods_SURVEYSUITests.framework */,
			);
			name = Frameworks;
			sourceTree = "<group>";
		};
		2BB7541C5A9B148F9714DDFD /* Pods */ = {
			isa = PBXGroup;
			children = (
				0B89A6600C196E8ED8B6E3B3 /* Pods-SURVEYS.debug.xcconfig */,
				D30C285389B97BB34D1AA7F3 /* Pods-SURVEYS.release.xcconfig */,
				C0E2617FC144D3E1A0B61A2D /* Pods-SURVEYSTests.debug.xcconfig */,
				6D73E53CBB2BBD8F8660EBF8 /* Pods-SURVEYSTests.release.xcconfig */,
				206B09C2118830E469AB39AC /* Pods-SURVEYSUITests.debug.xcconfig */,
				DE67EB64B62DBE9749DE1B98 /* Pods-SURVEYSUITests.release.xcconfig */,
			);
			name = Pods;
			sourceTree = "<group>";
		};
/* End PBXGroup section */

/* Begin PBXNativeTarget section */
		01D67F801F6F585700A1A055 /* SURVEYS */ = {
			isa = PBXNativeTarget;
			buildConfigurationList = 01D67FA91F6F585700A1A055 /* Build configuration list for PBXNativeTarget "SURVEYS" */;
			buildPhases = (
				F7570B4F8C0B82CE8535B983 /* [CP] Check Pods Manifest.lock */,
				01D67F7D1F6F585700A1A055 /* Sources */,
				01D67F7E1F6F585700A1A055 /* Frameworks */,
				01D67F7F1F6F585700A1A055 /* Resources */,
				01D67FB21F6F612900A1A055 /* Swiftlint */,
				6864968815DB4C570846B5FC /* [CP] Embed Pods Frameworks */,
				E4F031C06FC17C1EDB9067A4 /* [CP] Copy Pods Resources */,
			);
			buildRules = (
			);
			dependencies = (
			);
			name = SURVEYS;
			productName = SURVEYS;
			productReference = 01D67F811F6F585700A1A055 /* SURVEYS.app */;
			productType = "com.apple.product-type.application";
		};
		01D67F941F6F585700A1A055 /* SURVEYSTests */ = {
			isa = PBXNativeTarget;
			buildConfigurationList = 01D67FAC1F6F585700A1A055 /* Build configuration list for PBXNativeTarget "SURVEYSTests" */;
			buildPhases = (
				BAA3B08BDAA5AA845DD5663B /* [CP] Check Pods Manifest.lock */,
				01D67F911F6F585700A1A055 /* Sources */,
				01D67F921F6F585700A1A055 /* Frameworks */,
				01D67F931F6F585700A1A055 /* Resources */,
				704B4E88EC9F5FECDC658B3D /* [CP] Embed Pods Frameworks */,
				7C8441275EC4B30FB90D02C3 /* [CP] Copy Pods Resources */,
			);
			buildRules = (
			);
			dependencies = (
				01D67F971F6F585700A1A055 /* PBXTargetDependency */,
			);
			name = SURVEYSTests;
			productName = SURVEYSTests;
			productReference = 01D67F951F6F585700A1A055 /* SURVEYSTests.xctest */;
			productType = "com.apple.product-type.bundle.unit-test";
		};
		01D67F9F1F6F585700A1A055 /* SURVEYSUITests */ = {
			isa = PBXNativeTarget;
			buildConfigurationList = 01D67FAF1F6F585700A1A055 /* Build configuration list for PBXNativeTarget "SURVEYSUITests" */;
			buildPhases = (
				89C2180DA59E492B3BF8E8C8 /* [CP] Check Pods Manifest.lock */,
				01D67F9C1F6F585700A1A055 /* Sources */,
				01D67F9D1F6F585700A1A055 /* Frameworks */,
				01D67F9E1F6F585700A1A055 /* Resources */,
				1DD2911E8C28E02A30C3E251 /* [CP] Embed Pods Frameworks */,
				64CB0CDF2CCCED8018C55331 /* [CP] Copy Pods Resources */,
			);
			buildRules = (
			);
			dependencies = (
				01D67FA21F6F585700A1A055 /* PBXTargetDependency */,
			);
			name = SURVEYSUITests;
			productName = SURVEYSUITests;
			productReference = 01D67FA01F6F585700A1A055 /* SURVEYSUITests.xctest */;
			productType = "com.apple.product-type.bundle.ui-testing";
		};
/* End PBXNativeTarget section */

/* Begin PBXProject section */
		01D67F791F6F585700A1A055 /* Project object */ = {
			isa = PBXProject;
			attributes = {
				LastSwiftUpdateCheck = 0830;
				LastUpgradeCheck = 0830;
				ORGANIZATIONNAME = Frank;
				TargetAttributes = {
					01D67F801F6F585700A1A055 = {
						CreatedOnToolsVersion = 8.3.3;
						DevelopmentTeam = ENT2ZH45DM;
						ProvisioningStyle = Automatic;
					};
					01D67F941F6F585700A1A055 = {
						CreatedOnToolsVersion = 8.3.3;
						DevelopmentTeam = ENT2ZH45DM;
						LastSwiftMigration = 0830;
						ProvisioningStyle = Automatic;
						TestTargetID = 01D67F801F6F585700A1A055;
					};
					01D67F9F1F6F585700A1A055 = {
						CreatedOnToolsVersion = 8.3.3;
						DevelopmentTeam = ENT2ZH45DM;
						ProvisioningStyle = Automatic;
						TestTargetID = 01D67F801F6F585700A1A055;
					};
				};
			};
			buildConfigurationList = 01D67F7C1F6F585700A1A055 /* Build configuration list for PBXProject "SURVEYS" */;
			compatibilityVersion = "Xcode 3.2";
			developmentRegion = English;
			hasScannedForEncodings = 0;
			knownRegions = (
				en,
				Base,
			);
			mainGroup = 01D67F781F6F585700A1A055;
			productRefGroup = 01D67F821F6F585700A1A055 /* Products */;
			projectDirPath = "";
			projectRoot = "";
			targets = (
				01D67F801F6F585700A1A055 /* SURVEYS */,
				01D67F941F6F585700A1A055 /* SURVEYSTests */,
				01D67F9F1F6F585700A1A055 /* SURVEYSUITests */,
			);
		};
/* End PBXProject section */

/* Begin PBXResourcesBuildPhase section */
		01D67F7F1F6F585700A1A055 /* Resources */ = {
			isa = PBXResourcesBuildPhase;
			buildActionMask = 2147483647;
			files = (
				01D67F8F1F6F585700A1A055 /* LaunchScreen.storyboard in Resources */,
				01D67F8C1F6F585700A1A055 /* Assets.xcassets in Resources */,
				01D67F8A1F6F585700A1A055 /* Main.storyboard in Resources */,
			);
			runOnlyForDeploymentPostprocessing = 0;
		};
		01D67F931F6F585700A1A055 /* Resources */ = {
			isa = PBXResourcesBuildPhase;
			buildActionMask = 2147483647;
			files = (
			);
			runOnlyForDeploymentPostprocessing = 0;
		};
		01D67F9E1F6F585700A1A055 /* Resources */ = {
			isa = PBXResourcesBuildPhase;
			buildActionMask = 2147483647;
			files = (
			);
			runOnlyForDeploymentPostprocessing = 0;
		};
/* End PBXResourcesBuildPhase section */

/* Begin PBXShellScriptBuildPhase section */
		01D67FB21F6F612900A1A055 /* Swiftlint */ = {
			isa = PBXShellScriptBuildPhase;
			buildActionMask = 2147483647;
			files = (
			);
			inputPaths = (
			);
			name = Swiftlint;
			outputPaths = (
			);
			runOnlyForDeploymentPostprocessing = 0;
			shellPath = /bin/sh;
			shellScript = "if which swiftlint >/dev/null; then\n    swiftlint\nelse\n    echo \"warning: SwiftLint not installed, download from https://github.com/realm/SwiftLint\"\nfi";
		};
		1DD2911E8C28E02A30C3E251 /* [CP] Embed Pods Frameworks */ = {
			isa = PBXShellScriptBuildPhase;
			buildActionMask = 2147483647;
			files = (
			);
			inputPaths = (
			);
			name = "[CP] Embed Pods Frameworks";
			outputPaths = (
			);
			runOnlyForDeploymentPostprocessing = 0;
			shellPath = /bin/sh;
			shellScript = "\"${SRCROOT}/Pods/Target Support Files/Pods-SURVEYSUITests/Pods-SURVEYSUITests-frameworks.sh\"\n";
			showEnvVarsInLog = 0;
		};
		64CB0CDF2CCCED8018C55331 /* [CP] Copy Pods Resources */ = {
			isa = PBXShellScriptBuildPhase;
			buildActionMask = 2147483647;
			files = (
			);
			inputPaths = (
			);
			name = "[CP] Copy Pods Resources";
			outputPaths = (
			);
			runOnlyForDeploymentPostprocessing = 0;
			shellPath = /bin/sh;
			shellScript = "\"${SRCROOT}/Pods/Target Support Files/Pods-SURVEYSUITests/Pods-SURVEYSUITests-resources.sh\"\n";
			showEnvVarsInLog = 0;
		};
		6864968815DB4C570846B5FC /* [CP] Embed Pods Frameworks */ = {
			isa = PBXShellScriptBuildPhase;
			buildActionMask = 2147483647;
			files = (
			);
			inputPaths = (
				"${SRCROOT}/Pods/Target Support Files/Pods-SURVEYS/Pods-SURVEYS-frameworks.sh",
				"${BUILT_PRODUCTS_DIR}/Alamofire/Alamofire.framework",
				"${BUILT_PRODUCTS_DIR}/DZNEmptyDataSet/DZNEmptyDataSet.framework",
				"${BUILT_PRODUCTS_DIR}/KeychainAccess/KeychainAccess.framework",
				"${BUILT_PRODUCTS_DIR}/NVActivityIndicatorView/NVActivityIndicatorView.framework",
				"${BUILT_PRODUCTS_DIR}/Nuke/Nuke.framework",
				"${BUILT_PRODUCTS_DIR}/SwiftyJSON/SwiftyJSON.framework",
			);
			name = "[CP] Embed Pods Frameworks";
			outputPaths = (
				"${TARGET_BUILD_DIR}/${FRAMEWORKS_FOLDER_PATH}/Alamofire.framework",
				"${TARGET_BUILD_DIR}/${FRAMEWORKS_FOLDER_PATH}/DZNEmptyDataSet.framework",
				"${TARGET_BUILD_DIR}/${FRAMEWORKS_FOLDER_PATH}/KeychainAccess.framework",
				"${TARGET_BUILD_DIR}/${FRAMEWORKS_FOLDER_PATH}/NVActivityIndicatorView.framework",
				"${TARGET_BUILD_DIR}/${FRAMEWORKS_FOLDER_PATH}/Nuke.framework",
				"${TARGET_BUILD_DIR}/${FRAMEWORKS_FOLDER_PATH}/SwiftyJSON.framework",
			);
			runOnlyForDeploymentPostprocessing = 0;
			shellPath = /bin/sh;
			shellScript = "\"${SRCROOT}/Pods/Target Support Files/Pods-SURVEYS/Pods-SURVEYS-frameworks.sh\"\n";
			showEnvVarsInLog = 0;
		};
		704B4E88EC9F5FECDC658B3D /* [CP] Embed Pods Frameworks */ = {
			isa = PBXShellScriptBuildPhase;
			buildActionMask = 2147483647;
			files = (
			);
			inputPaths = (
			);
			name = "[CP] Embed Pods Frameworks";
			outputPaths = (
			);
			runOnlyForDeploymentPostprocessing = 0;
			shellPath = /bin/sh;
			shellScript = "\"${SRCROOT}/Pods/Target Support Files/Pods-SURVEYSTests/Pods-SURVEYSTests-frameworks.sh\"\n";
			showEnvVarsInLog = 0;
		};
		7C8441275EC4B30FB90D02C3 /* [CP] Copy Pods Resources */ = {
			isa = PBXShellScriptBuildPhase;
			buildActionMask = 2147483647;
			files = (
			);
			inputPaths = (
			);
			name = "[CP] Copy Pods Resources";
			outputPaths = (
			);
			runOnlyForDeploymentPostprocessing = 0;
			shellPath = /bin/sh;
			shellScript = "\"${SRCROOT}/Pods/Target Support Files/Pods-SURVEYSTests/Pods-SURVEYSTests-resources.sh\"\n";
			showEnvVarsInLog = 0;
		};
		89C2180DA59E492B3BF8E8C8 /* [CP] Check Pods Manifest.lock */ = {
			isa = PBXShellScriptBuildPhase;
			buildActionMask = 2147483647;
			files = (
			);
			inputPaths = (
				"${PODS_PODFILE_DIR_PATH}/Podfile.lock",
				"${PODS_ROOT}/Manifest.lock",
			);
			name = "[CP] Check Pods Manifest.lock";
			outputPaths = (
				"$(DERIVED_FILE_DIR)/Pods-SURVEYSUITests-checkManifestLockResult.txt",
			);
			runOnlyForDeploymentPostprocessing = 0;
			shellPath = /bin/sh;
			shellScript = "diff \"${PODS_PODFILE_DIR_PATH}/Podfile.lock\" \"${PODS_ROOT}/Manifest.lock\" > /dev/null\nif [ $? != 0 ] ; then\n    # print error to STDERR\n    echo \"error: The sandbox is not in sync with the Podfile.lock. Run 'pod install' or update your CocoaPods installation.\" >&2\n    exit 1\nfi\n# This output is used by Xcode 'outputs' to avoid re-running this script phase.\necho \"SUCCESS\" > \"${SCRIPT_OUTPUT_FILE_0}\"\n";
			showEnvVarsInLog = 0;
		};
		BAA3B08BDAA5AA845DD5663B /* [CP] Check Pods Manifest.lock */ = {
			isa = PBXShellScriptBuildPhase;
			buildActionMask = 2147483647;
			files = (
			);
			inputPaths = (
				"${PODS_PODFILE_DIR_PATH}/Podfile.lock",
				"${PODS_ROOT}/Manifest.lock",
			);
			name = "[CP] Check Pods Manifest.lock";
			outputPaths = (
				"$(DERIVED_FILE_DIR)/Pods-SURVEYSTests-checkManifestLockResult.txt",
			);
			runOnlyForDeploymentPostprocessing = 0;
			shellPath = /bin/sh;
			shellScript = "diff \"${PODS_PODFILE_DIR_PATH}/Podfile.lock\" \"${PODS_ROOT}/Manifest.lock\" > /dev/null\nif [ $? != 0 ] ; then\n    # print error to STDERR\n    echo \"error: The sandbox is not in sync with the Podfile.lock. Run 'pod install' or update your CocoaPods installation.\" >&2\n    exit 1\nfi\n# This output is used by Xcode 'outputs' to avoid re-running this script phase.\necho \"SUCCESS\" > \"${SCRIPT_OUTPUT_FILE_0}\"\n";
			showEnvVarsInLog = 0;
		};
		E4F031C06FC17C1EDB9067A4 /* [CP] Copy Pods Resources */ = {
			isa = PBXShellScriptBuildPhase;
			buildActionMask = 2147483647;
			files = (
			);
			inputPaths = (
			);
			name = "[CP] Copy Pods Resources";
			outputPaths = (
			);
			runOnlyForDeploymentPostprocessing = 0;
			shellPath = /bin/sh;
			shellScript = "\"${SRCROOT}/Pods/Target Support Files/Pods-SURVEYS/Pods-SURVEYS-resources.sh\"\n";
			showEnvVarsInLog = 0;
		};
		F7570B4F8C0B82CE8535B983 /* [CP] Check Pods Manifest.lock */ = {
			isa = PBXShellScriptBuildPhase;
			buildActionMask = 2147483647;
			files = (
			);
			inputPaths = (
				"${PODS_PODFILE_DIR_PATH}/Podfile.lock",
				"${PODS_ROOT}/Manifest.lock",
			);
			name = "[CP] Check Pods Manifest.lock";
			outputPaths = (
				"$(DERIVED_FILE_DIR)/Pods-SURVEYS-checkManifestLockResult.txt",
			);
			runOnlyForDeploymentPostprocessing = 0;
			shellPath = /bin/sh;
			shellScript = "diff \"${PODS_PODFILE_DIR_PATH}/Podfile.lock\" \"${PODS_ROOT}/Manifest.lock\" > /dev/null\nif [ $? != 0 ] ; then\n    # print error to STDERR\n    echo \"error: The sandbox is not in sync with the Podfile.lock. Run 'pod install' or update your CocoaPods installation.\" >&2\n    exit 1\nfi\n# This output is used by Xcode 'outputs' to avoid re-running this script phase.\necho \"SUCCESS\" > \"${SCRIPT_OUTPUT_FILE_0}\"\n";
			showEnvVarsInLog = 0;
		};
/* End PBXShellScriptBuildPhase section */

/* Begin PBXSourcesBuildPhase section */
		01D67F7D1F6F585700A1A055 /* Sources */ = {
			isa = PBXSourcesBuildPhase;
			buildActionMask = 2147483647;
			files = (
				01D67F851F6F585700A1A055 /* AppDelegate.swift in Sources */,
				014046EF1F710F5A004ADA30 /* ImageFetchManager.swift in Sources */,
				01D67FC81F6F9BEF00A1A055 /* CardLayout.swift in Sources */,
				01D67FC51F6F8CAB00A1A055 /* RoundedButton.swift in Sources */,
				01A936391F7127E200D226C7 /* DetailVC.swift in Sources */,
				01D67FC11F6F7D3E00A1A055 /* PagerCell.swift in Sources */,
				01A0FA4E1F704E0000B3187C /* DeviceVariable.swift in Sources */,
				01D67FB41F6F6F0600A1A055 /* MainVC.swift in Sources */,
				0140CA6E1F6FDF43007540A7 /* Response.swift in Sources */,
				01D67FBD1F6F7C3000A1A055 /* Constants.swift in Sources */,
				014046EB1F70F0C5004ADA30 /* Survey.swift in Sources */,
				01D67FBF1F6F7D3200A1A055 /* CardCell.swift in Sources */,
				0140CA681F6FD513007540A7 /* ServiceManager.swift in Sources */,
			);
			runOnlyForDeploymentPostprocessing = 0;
		};
		01D67F911F6F585700A1A055 /* Sources */ = {
			isa = PBXSourcesBuildPhase;
			buildActionMask = 2147483647;
			files = (
				0140CA6A1F6FD701007540A7 /* ServiceManagerTests.swift in Sources */,
				014046E81F70F095004ADA30 /* SurveyTests.swift in Sources */,
				01A936371F7113C600D226C7 /* ImageFetchManagerTests.swift in Sources */,
			);
			runOnlyForDeploymentPostprocessing = 0;
		};
		01D67F9C1F6F585700A1A055 /* Sources */ = {
			isa = PBXSourcesBuildPhase;
			buildActionMask = 2147483647;
			files = (
				01D67FA51F6F585700A1A055 /* SURVEYSUITests.swift in Sources */,
			);
			runOnlyForDeploymentPostprocessing = 0;
		};
/* End PBXSourcesBuildPhase section */

/* Begin PBXTargetDependency section */
		01D67F971F6F585700A1A055 /* PBXTargetDependency */ = {
			isa = PBXTargetDependency;
			target = 01D67F801F6F585700A1A055 /* SURVEYS */;
			targetProxy = 01D67F961F6F585700A1A055 /* PBXContainerItemProxy */;
		};
		01D67FA21F6F585700A1A055 /* PBXTargetDependency */ = {
			isa = PBXTargetDependency;
			target = 01D67F801F6F585700A1A055 /* SURVEYS */;
			targetProxy = 01D67FA11F6F585700A1A055 /* PBXContainerItemProxy */;
		};
/* End PBXTargetDependency section */

/* Begin PBXVariantGroup section */
		01D67F881F6F585700A1A055 /* Main.storyboard */ = {
			isa = PBXVariantGroup;
			children = (
				01D67F891F6F585700A1A055 /* Base */,
			);
			name = Main.storyboard;
			sourceTree = "<group>";
		};
		01D67F8D1F6F585700A1A055 /* LaunchScreen.storyboard */ = {
			isa = PBXVariantGroup;
			children = (
				01D67F8E1F6F585700A1A055 /* Base */,
			);
			name = LaunchScreen.storyboard;
			sourceTree = "<group>";
		};
/* End PBXVariantGroup section */

/* Begin XCBuildConfiguration section */
		01D67FA71F6F585700A1A055 /* Debug */ = {
			isa = XCBuildConfiguration;
			buildSettings = {
				ALWAYS_SEARCH_USER_PATHS = NO;
				CLANG_ANALYZER_NONNULL = YES;
				CLANG_ANALYZER_NUMBER_OBJECT_CONVERSION = YES_AGGRESSIVE;
				CLANG_CXX_LANGUAGE_STANDARD = "gnu++0x";
				CLANG_CXX_LIBRARY = "libc++";
				CLANG_ENABLE_MODULES = YES;
				CLANG_ENABLE_OBJC_ARC = YES;
				CLANG_WARN_BOOL_CONVERSION = YES;
				CLANG_WARN_CONSTANT_CONVERSION = YES;
				CLANG_WARN_DIRECT_OBJC_ISA_USAGE = YES_ERROR;
				CLANG_WARN_DOCUMENTATION_COMMENTS = YES;
				CLANG_WARN_EMPTY_BODY = YES;
				CLANG_WARN_ENUM_CONVERSION = YES;
				CLANG_WARN_INFINITE_RECURSION = YES;
				CLANG_WARN_INT_CONVERSION = YES;
				CLANG_WARN_OBJC_ROOT_CLASS = YES_ERROR;
				CLANG_WARN_SUSPICIOUS_MOVE = YES;
				CLANG_WARN_UNREACHABLE_CODE = YES;
				CLANG_WARN__DUPLICATE_METHOD_MATCH = YES;
				"CODE_SIGN_IDENTITY[sdk=iphoneos*]" = "iPhone Developer";
				COPY_PHASE_STRIP = NO;
				DEBUG_INFORMATION_FORMAT = dwarf;
				ENABLE_STRICT_OBJC_MSGSEND = YES;
				ENABLE_TESTABILITY = YES;
				GCC_C_LANGUAGE_STANDARD = gnu99;
				GCC_DYNAMIC_NO_PIC = NO;
				GCC_NO_COMMON_BLOCKS = YES;
				GCC_OPTIMIZATION_LEVEL = 0;
				GCC_PREPROCESSOR_DEFINITIONS = (
					"DEBUG=1",
					"$(inherited)",
				);
				GCC_WARN_64_TO_32_BIT_CONVERSION = YES;
				GCC_WARN_ABOUT_RETURN_TYPE = YES_ERROR;
				GCC_WARN_UNDECLARED_SELECTOR = YES;
				GCC_WARN_UNINITIALIZED_AUTOS = YES_AGGRESSIVE;
				GCC_WARN_UNUSED_FUNCTION = YES;
				GCC_WARN_UNUSED_VARIABLE = YES;
				IPHONEOS_DEPLOYMENT_TARGET = 10.1;
				MTL_ENABLE_DEBUG_INFO = YES;
				ONLY_ACTIVE_ARCH = YES;
				SDKROOT = iphoneos;
				SWIFT_ACTIVE_COMPILATION_CONDITIONS = DEBUG;
				SWIFT_OPTIMIZATION_LEVEL = "-Onone";
				TARGETED_DEVICE_FAMILY = "1,2";
			};
			name = Debug;
		};
		01D67FA81F6F585700A1A055 /* Release */ = {
			isa = XCBuildConfiguration;
			buildSettings = {
				ALWAYS_SEARCH_USER_PATHS = NO;
				CLANG_ANALYZER_NONNULL = YES;
				CLANG_ANALYZER_NUMBER_OBJECT_CONVERSION = YES_AGGRESSIVE;
				CLANG_CXX_LANGUAGE_STANDARD = "gnu++0x";
				CLANG_CXX_LIBRARY = "libc++";
				CLANG_ENABLE_MODULES = YES;
				CLANG_ENABLE_OBJC_ARC = YES;
				CLANG_WARN_BOOL_CONVERSION = YES;
				CLANG_WARN_CONSTANT_CONVERSION = YES;
				CLANG_WARN_DIRECT_OBJC_ISA_USAGE = YES_ERROR;
				CLANG_WARN_DOCUMENTATION_COMMENTS = YES;
				CLANG_WARN_EMPTY_BODY = YES;
				CLANG_WARN_ENUM_CONVERSION = YES;
				CLANG_WARN_INFINITE_RECURSION = YES;
				CLANG_WARN_INT_CONVERSION = YES;
				CLANG_WARN_OBJC_ROOT_CLASS = YES_ERROR;
				CLANG_WARN_SUSPICIOUS_MOVE = YES;
				CLANG_WARN_UNREACHABLE_CODE = YES;
				CLANG_WARN__DUPLICATE_METHOD_MATCH = YES;
				"CODE_SIGN_IDENTITY[sdk=iphoneos*]" = "iPhone Developer";
				COPY_PHASE_STRIP = NO;
				DEBUG_INFORMATION_FORMAT = "dwarf-with-dsym";
				ENABLE_NS_ASSERTIONS = NO;
				ENABLE_STRICT_OBJC_MSGSEND = YES;
				GCC_C_LANGUAGE_STANDARD = gnu99;
				GCC_NO_COMMON_BLOCKS = YES;
				GCC_WARN_64_TO_32_BIT_CONVERSION = YES;
				GCC_WARN_ABOUT_RETURN_TYPE = YES_ERROR;
				GCC_WARN_UNDECLARED_SELECTOR = YES;
				GCC_WARN_UNINITIALIZED_AUTOS = YES_AGGRESSIVE;
				GCC_WARN_UNUSED_FUNCTION = YES;
				GCC_WARN_UNUSED_VARIABLE = YES;
				IPHONEOS_DEPLOYMENT_TARGET = 10.1;
				MTL_ENABLE_DEBUG_INFO = NO;
				SDKROOT = iphoneos;
				SWIFT_OPTIMIZATION_LEVEL = "-Owholemodule";
				TARGETED_DEVICE_FAMILY = "1,2";
				VALIDATE_PRODUCT = YES;
			};
			name = Release;
		};
		01D67FAA1F6F585700A1A055 /* Debug */ = {
			isa = XCBuildConfiguration;
			baseConfigurationReference = 0B89A6600C196E8ED8B6E3B3 /* Pods-SURVEYS.debug.xcconfig */;
			buildSettings = {
				ASSETCATALOG_COMPILER_APPICON_NAME = AppIcon;
				DEVELOPMENT_TEAM = ENT2ZH45DM;
				INFOPLIST_FILE = SURVEYS/Info.plist;
				IPHONEOS_DEPLOYMENT_TARGET = 10.1;
				LD_RUNPATH_SEARCH_PATHS = "$(inherited) @executable_path/Frameworks";
				PRODUCT_BUNDLE_IDENTIFIER = com.ZombieWang.SURVEYS;
				PRODUCT_NAME = "$(TARGET_NAME)";
				SWIFT_VERSION = 3.0;
			};
			name = Debug;
		};
		01D67FAB1F6F585700A1A055 /* Release */ = {
			isa = XCBuildConfiguration;
			baseConfigurationReference = D30C285389B97BB34D1AA7F3 /* Pods-SURVEYS.release.xcconfig */;
			buildSettings = {
				ASSETCATALOG_COMPILER_APPICON_NAME = AppIcon;
				DEVELOPMENT_TEAM = ENT2ZH45DM;
				INFOPLIST_FILE = SURVEYS/Info.plist;
				IPHONEOS_DEPLOYMENT_TARGET = 10.1;
				LD_RUNPATH_SEARCH_PATHS = "$(inherited) @executable_path/Frameworks";
				PRODUCT_BUNDLE_IDENTIFIER = com.ZombieWang.SURVEYS;
				PRODUCT_NAME = "$(TARGET_NAME)";
				SWIFT_VERSION = 3.0;
			};
			name = Release;
		};
		01D67FAD1F6F585700A1A055 /* Debug */ = {
			isa = XCBuildConfiguration;
			baseConfigurationReference = C0E2617FC144D3E1A0B61A2D /* Pods-SURVEYSTests.debug.xcconfig */;
			buildSettings = {
				ALWAYS_EMBED_SWIFT_STANDARD_LIBRARIES = YES;
				BUNDLE_LOADER = "$(TEST_HOST)";
				CLANG_ENABLE_MODULES = YES;
				DEVELOPMENT_TEAM = ENT2ZH45DM;
				INFOPLIST_FILE = SURVEYSTests/Info.plist;
				LD_RUNPATH_SEARCH_PATHS = "$(inherited) @executable_path/Frameworks @loader_path/Frameworks";
				PRODUCT_BUNDLE_IDENTIFIER = com.ZombieWang.SURVEYSTests;
				PRODUCT_NAME = "$(TARGET_NAME)";
				SWIFT_OPTIMIZATION_LEVEL = "-Onone";
				SWIFT_VERSION = 3.0;
				TEST_HOST = "$(BUILT_PRODUCTS_DIR)/SURVEYS.app/SURVEYS";
			};
			name = Debug;
		};
		01D67FAE1F6F585700A1A055 /* Release */ = {
			isa = XCBuildConfiguration;
			baseConfigurationReference = 6D73E53CBB2BBD8F8660EBF8 /* Pods-SURVEYSTests.release.xcconfig */;
			buildSettings = {
				ALWAYS_EMBED_SWIFT_STANDARD_LIBRARIES = YES;
				BUNDLE_LOADER = "$(TEST_HOST)";
				CLANG_ENABLE_MODULES = YES;
				DEVELOPMENT_TEAM = ENT2ZH45DM;
				INFOPLIST_FILE = SURVEYSTests/Info.plist;
				LD_RUNPATH_SEARCH_PATHS = "$(inherited) @executable_path/Frameworks @loader_path/Frameworks";
				PRODUCT_BUNDLE_IDENTIFIER = com.ZombieWang.SURVEYSTests;
				PRODUCT_NAME = "$(TARGET_NAME)";
				SWIFT_VERSION = 3.0;
				TEST_HOST = "$(BUILT_PRODUCTS_DIR)/SURVEYS.app/SURVEYS";
			};
			name = Release;
		};
		01D67FB01F6F585700A1A055 /* Debug */ = {
			isa = XCBuildConfiguration;
			baseConfigurationReference = 206B09C2118830E469AB39AC /* Pods-SURVEYSUITests.debug.xcconfig */;
			buildSettings = {
				ALWAYS_EMBED_SWIFT_STANDARD_LIBRARIES = YES;
				DEVELOPMENT_TEAM = ENT2ZH45DM;
				INFOPLIST_FILE = SURVEYSUITests/Info.plist;
				LD_RUNPATH_SEARCH_PATHS = "$(inherited) @executable_path/Frameworks @loader_path/Frameworks";
				PRODUCT_BUNDLE_IDENTIFIER = com.ZombieWang.SURVEYSUITests;
				PRODUCT_NAME = "$(TARGET_NAME)";
				SWIFT_VERSION = 3.0;
				TEST_TARGET_NAME = SURVEYS;
			};
			name = Debug;
		};
		01D67FB11F6F585700A1A055 /* Release */ = {
			isa = XCBuildConfiguration;
			baseConfigurationReference = DE67EB64B62DBE9749DE1B98 /* Pods-SURVEYSUITests.release.xcconfig */;
			buildSettings = {
				ALWAYS_EMBED_SWIFT_STANDARD_LIBRARIES = YES;
				DEVELOPMENT_TEAM = ENT2ZH45DM;
				INFOPLIST_FILE = SURVEYSUITests/Info.plist;
				LD_RUNPATH_SEARCH_PATHS = "$(inherited) @executable_path/Frameworks @loader_path/Frameworks";
				PRODUCT_BUNDLE_IDENTIFIER = com.ZombieWang.SURVEYSUITests;
				PRODUCT_NAME = "$(TARGET_NAME)";
				SWIFT_VERSION = 3.0;
				TEST_TARGET_NAME = SURVEYS;
			};
			name = Release;
		};
/* End XCBuildConfiguration section */

/* Begin XCConfigurationList section */
		01D67F7C1F6F585700A1A055 /* Build configuration list for PBXProject "SURVEYS" */ = {
			isa = XCConfigurationList;
			buildConfigurations = (
				01D67FA71F6F585700A1A055 /* Debug */,
				01D67FA81F6F585700A1A055 /* Release */,
			);
			defaultConfigurationIsVisible = 0;
			defaultConfigurationName = Release;
		};
		01D67FA91F6F585700A1A055 /* Build configuration list for PBXNativeTarget "SURVEYS" */ = {
			isa = XCConfigurationList;
			buildConfigurations = (
				01D67FAA1F6F585700A1A055 /* Debug */,
				01D67FAB1F6F585700A1A055 /* Release */,
			);
			defaultConfigurationIsVisible = 0;
			defaultConfigurationName = Release;
		};
		01D67FAC1F6F585700A1A055 /* Build configuration list for PBXNativeTarget "SURVEYSTests" */ = {
			isa = XCConfigurationList;
			buildConfigurations = (
				01D67FAD1F6F585700A1A055 /* Debug */,
				01D67FAE1F6F585700A1A055 /* Release */,
			);
			defaultConfigurationIsVisible = 0;
			defaultConfigurationName = Release;
		};
		01D67FAF1F6F585700A1A055 /* Build configuration list for PBXNativeTarget "SURVEYSUITests" */ = {
			isa = XCConfigurationList;
			buildConfigurations = (
				01D67FB01F6F585700A1A055 /* Debug */,
				01D67FB11F6F585700A1A055 /* Release */,
			);
			defaultConfigurationIsVisible = 0;
			defaultConfigurationName = Release;
		};
/* End XCConfigurationList section */
	};
	rootObject = 01D67F791F6F585700A1A055 /* Project object */;
}
